// !$*UTF8*$!
{
	archiveVersion = 1;
	classes = {
	};
	objectVersion = 46;
	objects = {

/* Begin PBXBuildFile section */
		793F900714DC15BA00F30885 /* PDKeychainBindings.m in Sources */ = {isa = PBXBuildFile; fileRef = 793F900414DC15BA00F30885 /* PDKeychainBindings.m */; settings = {COMPILER_FLAGS = "-fno-objc-arc"; }; };
		793F900814DC15BA00F30885 /* PDKeychainBindingsController.m in Sources */ = {isa = PBXBuildFile; fileRef = 793F900614DC15BA00F30885 /* PDKeychainBindingsController.m */; settings = {COMPILER_FLAGS = "-fno-objc-arc"; }; };
		7940B21F14DC3027004DC895 /* EDAMLimits.m in Sources */ = {isa = PBXBuildFile; fileRef = 7940B21614DC3027004DC895 /* EDAMLimits.m */; };
		7940B22014DC3027004DC895 /* Errors.m in Sources */ = {isa = PBXBuildFile; fileRef = 7940B21814DC3027004DC895 /* Errors.m */; };
		7940B22114DC3027004DC895 /* NoteStore.m in Sources */ = {isa = PBXBuildFile; fileRef = 7940B21A14DC3027004DC895 /* NoteStore.m */; };
		7940B22214DC3027004DC895 /* Types.m in Sources */ = {isa = PBXBuildFile; fileRef = 7940B21C14DC3027004DC895 /* Types.m */; };
		7940B22314DC3027004DC895 /* UserStore.m in Sources */ = {isa = PBXBuildFile; fileRef = 7940B21E14DC3027004DC895 /* UserStore.m */; };
		7940B23F14DC3032004DC895 /* TBinaryProtocol.m in Sources */ = {isa = PBXBuildFile; fileRef = 7940B22714DC3032004DC895 /* TBinaryProtocol.m */; };
		7940B24014DC3032004DC895 /* TProtocolException.m in Sources */ = {isa = PBXBuildFile; fileRef = 7940B22A14DC3032004DC895 /* TProtocolException.m */; };
		7940B24114DC3032004DC895 /* TProtocolUtil.m in Sources */ = {isa = PBXBuildFile; fileRef = 7940B22D14DC3032004DC895 /* TProtocolUtil.m */; };
		7940B24214DC3032004DC895 /* TApplicationException.m in Sources */ = {isa = PBXBuildFile; fileRef = 7940B22F14DC3032004DC895 /* TApplicationException.m */; };
		7940B24314DC3032004DC895 /* TException.m in Sources */ = {isa = PBXBuildFile; fileRef = 7940B23114DC3032004DC895 /* TException.m */; };
		7940B24414DC3032004DC895 /* THTTPClient.m in Sources */ = {isa = PBXBuildFile; fileRef = 7940B23714DC3032004DC895 /* THTTPClient.m */; };
		7940B24514DC3032004DC895 /* TMemoryBuffer.m in Sources */ = {isa = PBXBuildFile; fileRef = 7940B23914DC3032004DC895 /* TMemoryBuffer.m */; };
		7940B24614DC3032004DC895 /* TTransportException.m in Sources */ = {isa = PBXBuildFile; fileRef = 7940B23C14DC3032004DC895 /* TTransportException.m */; };
		7940B24714DC3032004DC895 /* TSharedProcessorFactory.m in Sources */ = {isa = PBXBuildFile; fileRef = 7940B23E14DC3032004DC895 /* TSharedProcessorFactory.m */; };
		7940B25114DCE82C004DC895 /* RegexKitLite.m in Sources */ = {isa = PBXBuildFile; fileRef = 7940B24F14DCE82C004DC895 /* RegexKitLite.m */; settings = {COMPILER_FLAGS = "-fno-objc-arc"; }; };
		7940B25314DCEA27004DC895 /* libicucore.dylib in Frameworks */ = {isa = PBXBuildFile; fileRef = 7940B25214DCEA27004DC895 /* libicucore.dylib */; };
		7940B25914DD0B29004DC895 /* NSData+Digest.m in Sources */ = {isa = PBXBuildFile; fileRef = 7940B25614DD0B29004DC895 /* NSData+Digest.m */; };
		7940B25A14DD0B29004DC895 /* UIImage+Digest.m in Sources */ = {isa = PBXBuildFile; fileRef = 7940B25814DD0B29004DC895 /* UIImage+Digest.m */; };
		7940B25E14DD0D37004DC895 /* sample1.jpg in Resources */ = {isa = PBXBuildFile; fileRef = 7940B25D14DD0D37004DC895 /* sample1.jpg */; };
		79F7476F14DA74A500C7BAD8 /* UIKit.framework in Frameworks */ = {isa = PBXBuildFile; fileRef = 79F7476E14DA74A500C7BAD8 /* UIKit.framework */; };
		79F7477114DA74A500C7BAD8 /* Foundation.framework in Frameworks */ = {isa = PBXBuildFile; fileRef = 79F7477014DA74A500C7BAD8 /* Foundation.framework */; };
		79F7477314DA74A500C7BAD8 /* CoreGraphics.framework in Frameworks */ = {isa = PBXBuildFile; fileRef = 79F7477214DA74A500C7BAD8 /* CoreGraphics.framework */; };
		79F7477914DA74A500C7BAD8 /* InfoPlist.strings in Resources */ = {isa = PBXBuildFile; fileRef = 79F7477714DA74A500C7BAD8 /* InfoPlist.strings */; };
		79F7477B14DA74A500C7BAD8 /* main.m in Sources */ = {isa = PBXBuildFile; fileRef = 79F7477A14DA74A500C7BAD8 /* main.m */; };
		79F7477F14DA74A500C7BAD8 /* AppDelegate.m in Sources */ = {isa = PBXBuildFile; fileRef = 79F7477E14DA74A500C7BAD8 /* AppDelegate.m */; };
		79F7478714DA74A500C7BAD8 /* SenTestingKit.framework in Frameworks */ = {isa = PBXBuildFile; fileRef = 79F7478614DA74A500C7BAD8 /* SenTestingKit.framework */; };
		79F7478814DA74A500C7BAD8 /* UIKit.framework in Frameworks */ = {isa = PBXBuildFile; fileRef = 79F7476E14DA74A500C7BAD8 /* UIKit.framework */; };
		79F7478914DA74A500C7BAD8 /* Foundation.framework in Frameworks */ = {isa = PBXBuildFile; fileRef = 79F7477014DA74A500C7BAD8 /* Foundation.framework */; };
		79F7479114DA74A500C7BAD8 /* InfoPlist.strings in Resources */ = {isa = PBXBuildFile; fileRef = 79F7478F14DA74A500C7BAD8 /* InfoPlist.strings */; };
		79F7479414DA74A500C7BAD8 /* EVNConnectTests.m in Sources */ = {isa = PBXBuildFile; fileRef = 79F7479314DA74A500C7BAD8 /* EVNConnectTests.m */; };
		79F7483714DA7BFC00C7BAD8 /* NSObject+SBJson.m in Sources */ = {isa = PBXBuildFile; fileRef = 79F7481F14DA7BFC00C7BAD8 /* NSObject+SBJson.m */; };
		79F7483814DA7BFC00C7BAD8 /* SBJsonParser.m in Sources */ = {isa = PBXBuildFile; fileRef = 79F7482214DA7BFC00C7BAD8 /* SBJsonParser.m */; };
		79F7483914DA7BFC00C7BAD8 /* SBJsonStreamParser.m in Sources */ = {isa = PBXBuildFile; fileRef = 79F7482414DA7BFC00C7BAD8 /* SBJsonStreamParser.m */; };
		79F7483A14DA7BFC00C7BAD8 /* SBJsonStreamParserAccumulator.m in Sources */ = {isa = PBXBuildFile; fileRef = 79F7482614DA7BFC00C7BAD8 /* SBJsonStreamParserAccumulator.m */; };
		79F7483B14DA7BFC00C7BAD8 /* SBJsonStreamParserAdapter.m in Sources */ = {isa = PBXBuildFile; fileRef = 79F7482814DA7BFC00C7BAD8 /* SBJsonStreamParserAdapter.m */; };
		79F7483C14DA7BFC00C7BAD8 /* SBJsonStreamParserState.m in Sources */ = {isa = PBXBuildFile; fileRef = 79F7482A14DA7BFC00C7BAD8 /* SBJsonStreamParserState.m */; };
		79F7483D14DA7BFC00C7BAD8 /* SBJsonStreamWriter.m in Sources */ = {isa = PBXBuildFile; fileRef = 79F7482C14DA7BFC00C7BAD8 /* SBJsonStreamWriter.m */; };
		79F7483E14DA7BFC00C7BAD8 /* SBJsonStreamWriterAccumulator.m in Sources */ = {isa = PBXBuildFile; fileRef = 79F7482E14DA7BFC00C7BAD8 /* SBJsonStreamWriterAccumulator.m */; };
		79F7483F14DA7BFC00C7BAD8 /* SBJsonStreamWriterState.m in Sources */ = {isa = PBXBuildFile; fileRef = 79F7483014DA7BFC00C7BAD8 /* SBJsonStreamWriterState.m */; };
		79F7484014DA7BFC00C7BAD8 /* SBJsonTokeniser.m in Sources */ = {isa = PBXBuildFile; fileRef = 79F7483214DA7BFC00C7BAD8 /* SBJsonTokeniser.m */; };
		79F7484114DA7BFC00C7BAD8 /* SBJsonUTF8Stream.m in Sources */ = {isa = PBXBuildFile; fileRef = 79F7483414DA7BFC00C7BAD8 /* SBJsonUTF8Stream.m */; };
		79F7484214DA7BFC00C7BAD8 /* SBJsonWriter.m in Sources */ = {isa = PBXBuildFile; fileRef = 79F7483614DA7BFC00C7BAD8 /* SBJsonWriter.m */; };
		79F7484E14DAA01700C7BAD8 /* MainViewController.m in Sources */ = {isa = PBXBuildFile; fileRef = 79F7484C14DAA01700C7BAD8 /* MainViewController.m */; };
		79F748B114DAAD3500C7BAD8 /* Evernote.m in Sources */ = {isa = PBXBuildFile; fileRef = 79F748A914DAAD3500C7BAD8 /* Evernote.m */; };
		79F748B414DAAD3500C7BAD8 /* EvernoteRequest.m in Sources */ = {isa = PBXBuildFile; fileRef = 79F748AF14DAAD3500C7BAD8 /* EvernoteRequest.m */; };
		79F748B614DAB89800C7BAD8 /* Security.framework in Frameworks */ = {isa = PBXBuildFile; fileRef = 79F748B514DAB89700C7BAD8 /* Security.framework */; };
		79F7491914DB8D0F00C7BAD8 /* NSMutableURLRequest+Parameters.m in Sources */ = {isa = PBXBuildFile; fileRef = 79F748F114DB8D0E00C7BAD8 /* NSMutableURLRequest+Parameters.m */; settings = {COMPILER_FLAGS = "-fno-objc-arc"; }; };
		79F7491A14DB8D0F00C7BAD8 /* NSString+URLEncoding.m in Sources */ = {isa = PBXBuildFile; fileRef = 79F748F314DB8D0E00C7BAD8 /* NSString+URLEncoding.m */; settings = {COMPILER_FLAGS = "-fno-objc-arc"; }; };
		79F7491B14DB8D0F00C7BAD8 /* NSURL+Base.m in Sources */ = {isa = PBXBuildFile; fileRef = 79F748F514DB8D0E00C7BAD8 /* NSURL+Base.m */; settings = {COMPILER_FLAGS = "-fno-objc-arc"; }; };
		79F7491C14DB8D0F00C7BAD8 /* Base64Transcoder.c in Sources */ = {isa = PBXBuildFile; fileRef = 79F748F714DB8D0E00C7BAD8 /* Base64Transcoder.c */; settings = {COMPILER_FLAGS = "-fno-objc-arc"; }; };
		79F7491D14DB8D0F00C7BAD8 /* hmac.c in Sources */ = {isa = PBXBuildFile; fileRef = 79F748F914DB8D0E00C7BAD8 /* hmac.c */; settings = {COMPILER_FLAGS = "-fno-objc-arc"; }; };
		79F7491E14DB8D0F00C7BAD8 /* sha1.c in Sources */ = {isa = PBXBuildFile; fileRef = 79F748FB14DB8D0E00C7BAD8 /* sha1.c */; settings = {COMPILER_FLAGS = "-fno-objc-arc"; }; };
		79F7491F14DB8D0F00C7BAD8 /* OAAttachment.m in Sources */ = {isa = PBXBuildFile; fileRef = 79F748FE14DB8D0E00C7BAD8 /* OAAttachment.m */; settings = {COMPILER_FLAGS = "-fno-objc-arc"; }; };
		79F7492014DB8D0F00C7BAD8 /* OACall.m in Sources */ = {isa = PBXBuildFile; fileRef = 79F7490014DB8D0E00C7BAD8 /* OACall.m */; settings = {COMPILER_FLAGS = "-fno-objc-arc"; }; };
		79F7492114DB8D0F00C7BAD8 /* OAConsumer.m in Sources */ = {isa = PBXBuildFile; fileRef = 79F7490214DB8D0E00C7BAD8 /* OAConsumer.m */; settings = {COMPILER_FLAGS = "-fno-objc-arc"; }; };
		79F7492214DB8D0F00C7BAD8 /* OADataFetcher.m in Sources */ = {isa = PBXBuildFile; fileRef = 79F7490414DB8D0E00C7BAD8 /* OADataFetcher.m */; settings = {COMPILER_FLAGS = "-fno-objc-arc"; }; };
		79F7492314DB8D0F00C7BAD8 /* OAHMAC_SHA1SignatureProvider.m in Sources */ = {isa = PBXBuildFile; fileRef = 79F7490614DB8D0E00C7BAD8 /* OAHMAC_SHA1SignatureProvider.m */; settings = {COMPILER_FLAGS = "-fno-objc-arc"; }; };
		79F7492414DB8D0F00C7BAD8 /* OAMutableURLRequest.m in Sources */ = {isa = PBXBuildFile; fileRef = 79F7490814DB8D0E00C7BAD8 /* OAMutableURLRequest.m */; settings = {COMPILER_FLAGS = "-fno-objc-arc"; }; };
		79F7492514DB8D0F00C7BAD8 /* OAPlaintextSignatureProvider.m in Sources */ = {isa = PBXBuildFile; fileRef = 79F7490A14DB8D0E00C7BAD8 /* OAPlaintextSignatureProvider.m */; settings = {COMPILER_FLAGS = "-fno-objc-arc"; }; };
		79F7492614DB8D0F00C7BAD8 /* OAProblem.m in Sources */ = {isa = PBXBuildFile; fileRef = 79F7490C14DB8D0E00C7BAD8 /* OAProblem.m */; settings = {COMPILER_FLAGS = "-fno-objc-arc"; }; };
		79F7492714DB8D0F00C7BAD8 /* OARequestParameter.m in Sources */ = {isa = PBXBuildFile; fileRef = 79F7490E14DB8D0F00C7BAD8 /* OARequestParameter.m */; settings = {COMPILER_FLAGS = "-fno-objc-arc"; }; };
		79F7492814DB8D0F00C7BAD8 /* OAServiceTicket.m in Sources */ = {isa = PBXBuildFile; fileRef = 79F7491014DB8D0F00C7BAD8 /* OAServiceTicket.m */; settings = {COMPILER_FLAGS = "-fno-objc-arc"; }; };
		79F7492914DB8D0F00C7BAD8 /* OATestServer.rb in Resources */ = {isa = PBXBuildFile; fileRef = 79F7491214DB8D0F00C7BAD8 /* OATestServer.rb */; };
		79F7492A14DB8D0F00C7BAD8 /* OAToken.m in Sources */ = {isa = PBXBuildFile; fileRef = 79F7491414DB8D0F00C7BAD8 /* OAToken.m */; settings = {COMPILER_FLAGS = "-fno-objc-arc"; }; };
		79F7492B14DB8D0F00C7BAD8 /* OATokenManager.m in Sources */ = {isa = PBXBuildFile; fileRef = 79F7491614DB8D0F00C7BAD8 /* OATokenManager.m */; settings = {COMPILER_FLAGS = "-fno-objc-arc"; }; };
		79F7493014DB916500C7BAD8 /* EvernoteAuthOAuthConsumer.m in Sources */ = {isa = PBXBuildFile; fileRef = 79F7492F14DB916400C7BAD8 /* EvernoteAuthOAuthConsumer.m */; };
		79F7493814DBAA6800C7BAD8 /* EvernoteAuth.m in Sources */ = {isa = PBXBuildFile; fileRef = 79F7493714DBAA6600C7BAD8 /* EvernoteAuth.m */; };
/* End PBXBuildFile section */

/* Begin PBXContainerItemProxy section */
		79F7478A14DA74A500C7BAD8 /* PBXContainerItemProxy */ = {
			isa = PBXContainerItemProxy;
			containerPortal = 79F7476114DA74A500C7BAD8 /* Project object */;
			proxyType = 1;
			remoteGlobalIDString = 79F7476914DA74A500C7BAD8;
			remoteInfo = EVNConnect;
		};
/* End PBXContainerItemProxy section */

/* Begin PBXFileReference section */
		793F900314DC15BA00F30885 /* PDKeychainBindings.h */ = {isa = PBXFileReference; fileEncoding = 4; lastKnownFileType = sourcecode.c.h; path = PDKeychainBindings.h; sourceTree = "<group>"; };
		793F900414DC15BA00F30885 /* PDKeychainBindings.m */ = {isa = PBXFileReference; fileEncoding = 4; lastKnownFileType = sourcecode.c.objc; path = PDKeychainBindings.m; sourceTree = "<group>"; };
		793F900514DC15BA00F30885 /* PDKeychainBindingsController.h */ = {isa = PBXFileReference; fileEncoding = 4; lastKnownFileType = sourcecode.c.h; path = PDKeychainBindingsController.h; sourceTree = "<group>"; };
		793F900614DC15BA00F30885 /* PDKeychainBindingsController.m */ = {isa = PBXFileReference; fileEncoding = 4; lastKnownFileType = sourcecode.c.objc; path = PDKeychainBindingsController.m; sourceTree = "<group>"; };
		7940B21514DC3027004DC895 /* EDAMLimits.h */ = {isa = PBXFileReference; fileEncoding = 4; lastKnownFileType = sourcecode.c.h; path = EDAMLimits.h; sourceTree = "<group>"; };
		7940B21614DC3027004DC895 /* EDAMLimits.m */ = {isa = PBXFileReference; fileEncoding = 4; lastKnownFileType = sourcecode.c.objc; path = EDAMLimits.m; sourceTree = "<group>"; };
		7940B21714DC3027004DC895 /* Errors.h */ = {isa = PBXFileReference; fileEncoding = 4; lastKnownFileType = sourcecode.c.h; path = Errors.h; sourceTree = "<group>"; };
		7940B21814DC3027004DC895 /* Errors.m */ = {isa = PBXFileReference; fileEncoding = 4; lastKnownFileType = sourcecode.c.objc; path = Errors.m; sourceTree = "<group>"; };
		7940B21914DC3027004DC895 /* NoteStore.h */ = {isa = PBXFileReference; fileEncoding = 4; lastKnownFileType = sourcecode.c.h; path = NoteStore.h; sourceTree = "<group>"; };
		7940B21A14DC3027004DC895 /* NoteStore.m */ = {isa = PBXFileReference; fileEncoding = 4; lastKnownFileType = sourcecode.c.objc; path = NoteStore.m; sourceTree = "<group>"; };
		7940B21B14DC3027004DC895 /* Types.h */ = {isa = PBXFileReference; fileEncoding = 4; lastKnownFileType = sourcecode.c.h; path = Types.h; sourceTree = "<group>"; };
		7940B21C14DC3027004DC895 /* Types.m */ = {isa = PBXFileReference; fileEncoding = 4; lastKnownFileType = sourcecode.c.objc; path = Types.m; sourceTree = "<group>"; };
		7940B21D14DC3027004DC895 /* UserStore.h */ = {isa = PBXFileReference; fileEncoding = 4; lastKnownFileType = sourcecode.c.h; path = UserStore.h; sourceTree = "<group>"; };
		7940B21E14DC3027004DC895 /* UserStore.m */ = {isa = PBXFileReference; fileEncoding = 4; lastKnownFileType = sourcecode.c.objc; path = UserStore.m; sourceTree = "<group>"; };
		7940B22614DC3032004DC895 /* TBinaryProtocol.h */ = {isa = PBXFileReference; fileEncoding = 4; lastKnownFileType = sourcecode.c.h; path = TBinaryProtocol.h; sourceTree = "<group>"; };
		7940B22714DC3032004DC895 /* TBinaryProtocol.m */ = {isa = PBXFileReference; fileEncoding = 4; lastKnownFileType = sourcecode.c.objc; path = TBinaryProtocol.m; sourceTree = "<group>"; };
		7940B22814DC3032004DC895 /* TProtocol.h */ = {isa = PBXFileReference; fileEncoding = 4; lastKnownFileType = sourcecode.c.h; path = TProtocol.h; sourceTree = "<group>"; };
		7940B22914DC3032004DC895 /* TProtocolException.h */ = {isa = PBXFileReference; fileEncoding = 4; lastKnownFileType = sourcecode.c.h; path = TProtocolException.h; sourceTree = "<group>"; };
		7940B22A14DC3032004DC895 /* TProtocolException.m */ = {isa = PBXFileReference; fileEncoding = 4; lastKnownFileType = sourcecode.c.objc; path = TProtocolException.m; sourceTree = "<group>"; };
		7940B22B14DC3032004DC895 /* TProtocolFactory.h */ = {isa = PBXFileReference; fileEncoding = 4; lastKnownFileType = sourcecode.c.h; path = TProtocolFactory.h; sourceTree = "<group>"; };
		7940B22C14DC3032004DC895 /* TProtocolUtil.h */ = {isa = PBXFileReference; fileEncoding = 4; lastKnownFileType = sourcecode.c.h; path = TProtocolUtil.h; sourceTree = "<group>"; };
		7940B22D14DC3032004DC895 /* TProtocolUtil.m */ = {isa = PBXFileReference; fileEncoding = 4; lastKnownFileType = sourcecode.c.objc; path = TProtocolUtil.m; sourceTree = "<group>"; };
		7940B22E14DC3032004DC895 /* TApplicationException.h */ = {isa = PBXFileReference; fileEncoding = 4; lastKnownFileType = sourcecode.c.h; path = TApplicationException.h; sourceTree = "<group>"; };
		7940B22F14DC3032004DC895 /* TApplicationException.m */ = {isa = PBXFileReference; fileEncoding = 4; lastKnownFileType = sourcecode.c.objc; path = TApplicationException.m; sourceTree = "<group>"; };
		7940B23014DC3032004DC895 /* TException.h */ = {isa = PBXFileReference; fileEncoding = 4; lastKnownFileType = sourcecode.c.h; path = TException.h; sourceTree = "<group>"; };
		7940B23114DC3032004DC895 /* TException.m */ = {isa = PBXFileReference; fileEncoding = 4; lastKnownFileType = sourcecode.c.objc; path = TException.m; sourceTree = "<group>"; };
		7940B23214DC3032004DC895 /* TObjective-C.h */ = {isa = PBXFileReference; fileEncoding = 4; lastKnownFileType = sourcecode.c.h; path = "TObjective-C.h"; sourceTree = "<group>"; };
		7940B23314DC3032004DC895 /* TProcessor.h */ = {isa = PBXFileReference; fileEncoding = 4; lastKnownFileType = sourcecode.c.h; path = TProcessor.h; sourceTree = "<group>"; };
		7940B23414DC3032004DC895 /* TProcessorFactory.h */ = {isa = PBXFileReference; fileEncoding = 4; lastKnownFileType = sourcecode.c.h; path = TProcessorFactory.h; sourceTree = "<group>"; };
		7940B23614DC3032004DC895 /* THTTPClient.h */ = {isa = PBXFileReference; fileEncoding = 4; lastKnownFileType = sourcecode.c.h; path = THTTPClient.h; sourceTree = "<group>"; };
		7940B23714DC3032004DC895 /* THTTPClient.m */ = {isa = PBXFileReference; fileEncoding = 4; lastKnownFileType = sourcecode.c.objc; path = THTTPClient.m; sourceTree = "<group>"; };
		7940B23814DC3032004DC895 /* TMemoryBuffer.h */ = {isa = PBXFileReference; fileEncoding = 4; lastKnownFileType = sourcecode.c.h; path = TMemoryBuffer.h; sourceTree = "<group>"; };
		7940B23914DC3032004DC895 /* TMemoryBuffer.m */ = {isa = PBXFileReference; fileEncoding = 4; lastKnownFileType = sourcecode.c.objc; path = TMemoryBuffer.m; sourceTree = "<group>"; };
		7940B23A14DC3032004DC895 /* TTransport.h */ = {isa = PBXFileReference; fileEncoding = 4; lastKnownFileType = sourcecode.c.h; path = TTransport.h; sourceTree = "<group>"; };
		7940B23B14DC3032004DC895 /* TTransportException.h */ = {isa = PBXFileReference; fileEncoding = 4; lastKnownFileType = sourcecode.c.h; path = TTransportException.h; sourceTree = "<group>"; };
		7940B23C14DC3032004DC895 /* TTransportException.m */ = {isa = PBXFileReference; fileEncoding = 4; lastKnownFileType = sourcecode.c.objc; path = TTransportException.m; sourceTree = "<group>"; };
		7940B23D14DC3032004DC895 /* TSharedProcessorFactory.h */ = {isa = PBXFileReference; fileEncoding = 4; lastKnownFileType = sourcecode.c.h; path = TSharedProcessorFactory.h; sourceTree = "<group>"; };
		7940B23E14DC3032004DC895 /* TSharedProcessorFactory.m */ = {isa = PBXFileReference; fileEncoding = 4; lastKnownFileType = sourcecode.c.objc; path = TSharedProcessorFactory.m; sourceTree = "<group>"; };
		7940B24E14DCE82C004DC895 /* RegexKitLite.h */ = {isa = PBXFileReference; fileEncoding = 4; lastKnownFileType = sourcecode.c.h; path = RegexKitLite.h; sourceTree = "<group>"; };
		7940B24F14DCE82C004DC895 /* RegexKitLite.m */ = {isa = PBXFileReference; fileEncoding = 4; lastKnownFileType = sourcecode.c.objc; path = RegexKitLite.m; sourceTree = "<group>"; };
		7940B25214DCEA27004DC895 /* libicucore.dylib */ = {isa = PBXFileReference; lastKnownFileType = "compiled.mach-o.dylib"; name = libicucore.dylib; path = usr/lib/libicucore.dylib; sourceTree = SDKROOT; };
		7940B25514DD0B29004DC895 /* NSData+Digest.h */ = {isa = PBXFileReference; fileEncoding = 4; lastKnownFileType = sourcecode.c.h; path = "NSData+Digest.h"; sourceTree = "<group>"; };
		7940B25614DD0B29004DC895 /* NSData+Digest.m */ = {isa = PBXFileReference; fileEncoding = 4; lastKnownFileType = sourcecode.c.objc; path = "NSData+Digest.m"; sourceTree = "<group>"; };
		7940B25714DD0B29004DC895 /* UIImage+Digest.h */ = {isa = PBXFileReference; fileEncoding = 4; lastKnownFileType = sourcecode.c.h; path = "UIImage+Digest.h"; sourceTree = "<group>"; };
		7940B25814DD0B29004DC895 /* UIImage+Digest.m */ = {isa = PBXFileReference; fileEncoding = 4; lastKnownFileType = sourcecode.c.objc; path = "UIImage+Digest.m"; sourceTree = "<group>"; };
		7940B25D14DD0D37004DC895 /* sample1.jpg */ = {isa = PBXFileReference; lastKnownFileType = image.jpeg; path = sample1.jpg; sourceTree = "<group>"; };
		79F7476A14DA74A500C7BAD8 /* EVNConnect.app */ = {isa = PBXFileReference; explicitFileType = wrapper.application; includeInIndex = 0; path = EVNConnect.app; sourceTree = BUILT_PRODUCTS_DIR; };
		79F7476E14DA74A500C7BAD8 /* UIKit.framework */ = {isa = PBXFileReference; lastKnownFileType = wrapper.framework; name = UIKit.framework; path = System/Library/Frameworks/UIKit.framework; sourceTree = SDKROOT; };
		79F7477014DA74A500C7BAD8 /* Foundation.framework */ = {isa = PBXFileReference; lastKnownFileType = wrapper.framework; name = Foundation.framework; path = System/Library/Frameworks/Foundation.framework; sourceTree = SDKROOT; };
		79F7477214DA74A500C7BAD8 /* CoreGraphics.framework */ = {isa = PBXFileReference; lastKnownFileType = wrapper.framework; name = CoreGraphics.framework; path = System/Library/Frameworks/CoreGraphics.framework; sourceTree = SDKROOT; };
		79F7477614DA74A500C7BAD8 /* EVNConnect-Info.plist */ = {isa = PBXFileReference; lastKnownFileType = text.plist.xml; path = "EVNConnect-Info.plist"; sourceTree = "<group>"; };
		79F7477814DA74A500C7BAD8 /* en */ = {isa = PBXFileReference; lastKnownFileType = text.plist.strings; name = en; path = en.lproj/InfoPlist.strings; sourceTree = "<group>"; };
		79F7477A14DA74A500C7BAD8 /* main.m */ = {isa = PBXFileReference; lastKnownFileType = sourcecode.c.objc; path = main.m; sourceTree = "<group>"; };
		79F7477C14DA74A500C7BAD8 /* EVNConnect-Prefix.pch */ = {isa = PBXFileReference; lastKnownFileType = sourcecode.c.h; path = "EVNConnect-Prefix.pch"; sourceTree = "<group>"; };
		79F7477D14DA74A500C7BAD8 /* AppDelegate.h */ = {isa = PBXFileReference; lastKnownFileType = sourcecode.c.h; path = AppDelegate.h; sourceTree = "<group>"; };
		79F7477E14DA74A500C7BAD8 /* AppDelegate.m */ = {isa = PBXFileReference; lastKnownFileType = sourcecode.c.objc; path = AppDelegate.m; sourceTree = "<group>"; };
		79F7478514DA74A500C7BAD8 /* EVNConnectTests.octest */ = {isa = PBXFileReference; explicitFileType = wrapper.cfbundle; includeInIndex = 0; path = EVNConnectTests.octest; sourceTree = BUILT_PRODUCTS_DIR; };
		79F7478614DA74A500C7BAD8 /* SenTestingKit.framework */ = {isa = PBXFileReference; lastKnownFileType = wrapper.framework; name = SenTestingKit.framework; path = Library/Frameworks/SenTestingKit.framework; sourceTree = DEVELOPER_DIR; };
		79F7478E14DA74A500C7BAD8 /* EVNConnectTests-Info.plist */ = {isa = PBXFileReference; lastKnownFileType = text.plist.xml; path = "EVNConnectTests-Info.plist"; sourceTree = "<group>"; };
		79F7479014DA74A500C7BAD8 /* en */ = {isa = PBXFileReference; lastKnownFileType = text.plist.strings; name = en; path = en.lproj/InfoPlist.strings; sourceTree = "<group>"; };
		79F7479214DA74A500C7BAD8 /* EVNConnectTests.h */ = {isa = PBXFileReference; lastKnownFileType = sourcecode.c.h; path = EVNConnectTests.h; sourceTree = "<group>"; };
		79F7479314DA74A500C7BAD8 /* EVNConnectTests.m */ = {isa = PBXFileReference; lastKnownFileType = sourcecode.c.objc; path = EVNConnectTests.m; sourceTree = "<group>"; };
		79F7481E14DA7BFC00C7BAD8 /* NSObject+SBJson.h */ = {isa = PBXFileReference; fileEncoding = 4; lastKnownFileType = sourcecode.c.h; path = "NSObject+SBJson.h"; sourceTree = "<group>"; };
		79F7481F14DA7BFC00C7BAD8 /* NSObject+SBJson.m */ = {isa = PBXFileReference; fileEncoding = 4; lastKnownFileType = sourcecode.c.objc; path = "NSObject+SBJson.m"; sourceTree = "<group>"; };
		79F7482014DA7BFC00C7BAD8 /* SBJson.h */ = {isa = PBXFileReference; fileEncoding = 4; lastKnownFileType = sourcecode.c.h; path = SBJson.h; sourceTree = "<group>"; };
		79F7482114DA7BFC00C7BAD8 /* SBJsonParser.h */ = {isa = PBXFileReference; fileEncoding = 4; lastKnownFileType = sourcecode.c.h; path = SBJsonParser.h; sourceTree = "<group>"; };
		79F7482214DA7BFC00C7BAD8 /* SBJsonParser.m */ = {isa = PBXFileReference; fileEncoding = 4; lastKnownFileType = sourcecode.c.objc; path = SBJsonParser.m; sourceTree = "<group>"; };
		79F7482314DA7BFC00C7BAD8 /* SBJsonStreamParser.h */ = {isa = PBXFileReference; fileEncoding = 4; lastKnownFileType = sourcecode.c.h; path = SBJsonStreamParser.h; sourceTree = "<group>"; };
		79F7482414DA7BFC00C7BAD8 /* SBJsonStreamParser.m */ = {isa = PBXFileReference; fileEncoding = 4; lastKnownFileType = sourcecode.c.objc; path = SBJsonStreamParser.m; sourceTree = "<group>"; };
		79F7482514DA7BFC00C7BAD8 /* SBJsonStreamParserAccumulator.h */ = {isa = PBXFileReference; fileEncoding = 4; lastKnownFileType = sourcecode.c.h; path = SBJsonStreamParserAccumulator.h; sourceTree = "<group>"; };
		79F7482614DA7BFC00C7BAD8 /* SBJsonStreamParserAccumulator.m */ = {isa = PBXFileReference; fileEncoding = 4; lastKnownFileType = sourcecode.c.objc; path = SBJsonStreamParserAccumulator.m; sourceTree = "<group>"; };
		79F7482714DA7BFC00C7BAD8 /* SBJsonStreamParserAdapter.h */ = {isa = PBXFileReference; fileEncoding = 4; lastKnownFileType = sourcecode.c.h; path = SBJsonStreamParserAdapter.h; sourceTree = "<group>"; };
		79F7482814DA7BFC00C7BAD8 /* SBJsonStreamParserAdapter.m */ = {isa = PBXFileReference; fileEncoding = 4; lastKnownFileType = sourcecode.c.objc; path = SBJsonStreamParserAdapter.m; sourceTree = "<group>"; };
		79F7482914DA7BFC00C7BAD8 /* SBJsonStreamParserState.h */ = {isa = PBXFileReference; fileEncoding = 4; lastKnownFileType = sourcecode.c.h; path = SBJsonStreamParserState.h; sourceTree = "<group>"; };
		79F7482A14DA7BFC00C7BAD8 /* SBJsonStreamParserState.m */ = {isa = PBXFileReference; fileEncoding = 4; lastKnownFileType = sourcecode.c.objc; path = SBJsonStreamParserState.m; sourceTree = "<group>"; };
		79F7482B14DA7BFC00C7BAD8 /* SBJsonStreamWriter.h */ = {isa = PBXFileReference; fileEncoding = 4; lastKnownFileType = sourcecode.c.h; path = SBJsonStreamWriter.h; sourceTree = "<group>"; };
		79F7482C14DA7BFC00C7BAD8 /* SBJsonStreamWriter.m */ = {isa = PBXFileReference; fileEncoding = 4; lastKnownFileType = sourcecode.c.objc; path = SBJsonStreamWriter.m; sourceTree = "<group>"; };
		79F7482D14DA7BFC00C7BAD8 /* SBJsonStreamWriterAccumulator.h */ = {isa = PBXFileReference; fileEncoding = 4; lastKnownFileType = sourcecode.c.h; path = SBJsonStreamWriterAccumulator.h; sourceTree = "<group>"; };
		79F7482E14DA7BFC00C7BAD8 /* SBJsonStreamWriterAccumulator.m */ = {isa = PBXFileReference; fileEncoding = 4; lastKnownFileType = sourcecode.c.objc; path = SBJsonStreamWriterAccumulator.m; sourceTree = "<group>"; };
		79F7482F14DA7BFC00C7BAD8 /* SBJsonStreamWriterState.h */ = {isa = PBXFileReference; fileEncoding = 4; lastKnownFileType = sourcecode.c.h; path = SBJsonStreamWriterState.h; sourceTree = "<group>"; };
		79F7483014DA7BFC00C7BAD8 /* SBJsonStreamWriterState.m */ = {isa = PBXFileReference; fileEncoding = 4; lastKnownFileType = sourcecode.c.objc; path = SBJsonStreamWriterState.m; sourceTree = "<group>"; };
		79F7483114DA7BFC00C7BAD8 /* SBJsonTokeniser.h */ = {isa = PBXFileReference; fileEncoding = 4; lastKnownFileType = sourcecode.c.h; path = SBJsonTokeniser.h; sourceTree = "<group>"; };
		79F7483214DA7BFC00C7BAD8 /* SBJsonTokeniser.m */ = {isa = PBXFileReference; fileEncoding = 4; lastKnownFileType = sourcecode.c.objc; path = SBJsonTokeniser.m; sourceTree = "<group>"; };
		79F7483314DA7BFC00C7BAD8 /* SBJsonUTF8Stream.h */ = {isa = PBXFileReference; fileEncoding = 4; lastKnownFileType = sourcecode.c.h; path = SBJsonUTF8Stream.h; sourceTree = "<group>"; };
		79F7483414DA7BFC00C7BAD8 /* SBJsonUTF8Stream.m */ = {isa = PBXFileReference; fileEncoding = 4; lastKnownFileType = sourcecode.c.objc; path = SBJsonUTF8Stream.m; sourceTree = "<group>"; };
		79F7483514DA7BFC00C7BAD8 /* SBJsonWriter.h */ = {isa = PBXFileReference; fileEncoding = 4; lastKnownFileType = sourcecode.c.h; path = SBJsonWriter.h; sourceTree = "<group>"; };
		79F7483614DA7BFC00C7BAD8 /* SBJsonWriter.m */ = {isa = PBXFileReference; fileEncoding = 4; lastKnownFileType = sourcecode.c.objc; path = SBJsonWriter.m; sourceTree = "<group>"; };
		79F7484B14DAA01700C7BAD8 /* MainViewController.h */ = {isa = PBXFileReference; fileEncoding = 4; lastKnownFileType = sourcecode.c.h; path = MainViewController.h; sourceTree = "<group>"; };
		79F7484C14DAA01700C7BAD8 /* MainViewController.m */ = {isa = PBXFileReference; fileEncoding = 4; lastKnownFileType = sourcecode.c.objc; path = MainViewController.m; sourceTree = "<group>"; };
		79F748A814DAAD3500C7BAD8 /* Evernote.h */ = {isa = PBXFileReference; fileEncoding = 4; lastKnownFileType = sourcecode.c.h; path = Evernote.h; sourceTree = "<group>"; };
		79F748A914DAAD3500C7BAD8 /* Evernote.m */ = {isa = PBXFileReference; fileEncoding = 4; lastKnownFileType = sourcecode.c.objc; path = Evernote.m; sourceTree = "<group>"; };
		79F748AE14DAAD3500C7BAD8 /* EvernoteRequest.h */ = {isa = PBXFileReference; fileEncoding = 4; lastKnownFileType = sourcecode.c.h; path = EvernoteRequest.h; sourceTree = "<group>"; };
		79F748AF14DAAD3500C7BAD8 /* EvernoteRequest.m */ = {isa = PBXFileReference; fileEncoding = 4; lastKnownFileType = sourcecode.c.objc; path = EvernoteRequest.m; sourceTree = "<group>"; };
		79F748B014DAAD3500C7BAD8 /* EVNConnect.h */ = {isa = PBXFileReference; fileEncoding = 4; lastKnownFileType = sourcecode.c.h; path = EVNConnect.h; sourceTree = "<group>"; };
		79F748B514DAB89700C7BAD8 /* Security.framework */ = {isa = PBXFileReference; lastKnownFileType = wrapper.framework; name = Security.framework; path = System/Library/Frameworks/Security.framework; sourceTree = SDKROOT; };
		79F748F014DB8D0E00C7BAD8 /* NSMutableURLRequest+Parameters.h */ = {isa = PBXFileReference; fileEncoding = 4; lastKnownFileType = sourcecode.c.h; path = "NSMutableURLRequest+Parameters.h"; sourceTree = "<group>"; };
		79F748F114DB8D0E00C7BAD8 /* NSMutableURLRequest+Parameters.m */ = {isa = PBXFileReference; fileEncoding = 4; lastKnownFileType = sourcecode.c.objc; path = "NSMutableURLRequest+Parameters.m"; sourceTree = "<group>"; };
		79F748F214DB8D0E00C7BAD8 /* NSString+URLEncoding.h */ = {isa = PBXFileReference; fileEncoding = 4; lastKnownFileType = sourcecode.c.h; path = "NSString+URLEncoding.h"; sourceTree = "<group>"; };
		79F748F314DB8D0E00C7BAD8 /* NSString+URLEncoding.m */ = {isa = PBXFileReference; fileEncoding = 4; lastKnownFileType = sourcecode.c.objc; path = "NSString+URLEncoding.m"; sourceTree = "<group>"; };
		79F748F414DB8D0E00C7BAD8 /* NSURL+Base.h */ = {isa = PBXFileReference; fileEncoding = 4; lastKnownFileType = sourcecode.c.h; path = "NSURL+Base.h"; sourceTree = "<group>"; };
		79F748F514DB8D0E00C7BAD8 /* NSURL+Base.m */ = {isa = PBXFileReference; fileEncoding = 4; lastKnownFileType = sourcecode.c.objc; path = "NSURL+Base.m"; sourceTree = "<group>"; };
		79F748F714DB8D0E00C7BAD8 /* Base64Transcoder.c */ = {isa = PBXFileReference; fileEncoding = 4; lastKnownFileType = sourcecode.c.c; path = Base64Transcoder.c; sourceTree = "<group>"; };
		79F748F814DB8D0E00C7BAD8 /* Base64Transcoder.h */ = {isa = PBXFileReference; fileEncoding = 4; lastKnownFileType = sourcecode.c.h; path = Base64Transcoder.h; sourceTree = "<group>"; };
		79F748F914DB8D0E00C7BAD8 /* hmac.c */ = {isa = PBXFileReference; fileEncoding = 4; lastKnownFileType = sourcecode.c.c; path = hmac.c; sourceTree = "<group>"; };
		79F748FA14DB8D0E00C7BAD8 /* hmac.h */ = {isa = PBXFileReference; fileEncoding = 4; lastKnownFileType = sourcecode.c.h; path = hmac.h; sourceTree = "<group>"; };
		79F748FB14DB8D0E00C7BAD8 /* sha1.c */ = {isa = PBXFileReference; fileEncoding = 4; lastKnownFileType = sourcecode.c.c; path = sha1.c; sourceTree = "<group>"; };
		79F748FC14DB8D0E00C7BAD8 /* sha1.h */ = {isa = PBXFileReference; fileEncoding = 4; lastKnownFileType = sourcecode.c.h; path = sha1.h; sourceTree = "<group>"; };
		79F748FD14DB8D0E00C7BAD8 /* OAAttachment.h */ = {isa = PBXFileReference; fileEncoding = 4; lastKnownFileType = sourcecode.c.h; path = OAAttachment.h; sourceTree = "<group>"; };
		79F748FE14DB8D0E00C7BAD8 /* OAAttachment.m */ = {isa = PBXFileReference; fileEncoding = 4; lastKnownFileType = sourcecode.c.objc; path = OAAttachment.m; sourceTree = "<group>"; };
		79F748FF14DB8D0E00C7BAD8 /* OACall.h */ = {isa = PBXFileReference; fileEncoding = 4; lastKnownFileType = sourcecode.c.h; path = OACall.h; sourceTree = "<group>"; };
		79F7490014DB8D0E00C7BAD8 /* OACall.m */ = {isa = PBXFileReference; fileEncoding = 4; lastKnownFileType = sourcecode.c.objc; path = OACall.m; sourceTree = "<group>"; };
		79F7490114DB8D0E00C7BAD8 /* OAConsumer.h */ = {isa = PBXFileReference; fileEncoding = 4; lastKnownFileType = sourcecode.c.h; path = OAConsumer.h; sourceTree = "<group>"; };
		79F7490214DB8D0E00C7BAD8 /* OAConsumer.m */ = {isa = PBXFileReference; fileEncoding = 4; lastKnownFileType = sourcecode.c.objc; path = OAConsumer.m; sourceTree = "<group>"; };
		79F7490314DB8D0E00C7BAD8 /* OADataFetcher.h */ = {isa = PBXFileReference; fileEncoding = 4; lastKnownFileType = sourcecode.c.h; path = OADataFetcher.h; sourceTree = "<group>"; };
		79F7490414DB8D0E00C7BAD8 /* OADataFetcher.m */ = {isa = PBXFileReference; fileEncoding = 4; lastKnownFileType = sourcecode.c.objc; path = OADataFetcher.m; sourceTree = "<group>"; };
		79F7490514DB8D0E00C7BAD8 /* OAHMAC_SHA1SignatureProvider.h */ = {isa = PBXFileReference; fileEncoding = 4; lastKnownFileType = sourcecode.c.h; path = OAHMAC_SHA1SignatureProvider.h; sourceTree = "<group>"; };
		79F7490614DB8D0E00C7BAD8 /* OAHMAC_SHA1SignatureProvider.m */ = {isa = PBXFileReference; fileEncoding = 4; lastKnownFileType = sourcecode.c.objc; path = OAHMAC_SHA1SignatureProvider.m; sourceTree = "<group>"; };
		79F7490714DB8D0E00C7BAD8 /* OAMutableURLRequest.h */ = {isa = PBXFileReference; fileEncoding = 4; lastKnownFileType = sourcecode.c.h; path = OAMutableURLRequest.h; sourceTree = "<group>"; };
		79F7490814DB8D0E00C7BAD8 /* OAMutableURLRequest.m */ = {isa = PBXFileReference; fileEncoding = 4; lastKnownFileType = sourcecode.c.objc; path = OAMutableURLRequest.m; sourceTree = "<group>"; };
		79F7490914DB8D0E00C7BAD8 /* OAPlaintextSignatureProvider.h */ = {isa = PBXFileReference; fileEncoding = 4; lastKnownFileType = sourcecode.c.h; path = OAPlaintextSignatureProvider.h; sourceTree = "<group>"; };
		79F7490A14DB8D0E00C7BAD8 /* OAPlaintextSignatureProvider.m */ = {isa = PBXFileReference; fileEncoding = 4; lastKnownFileType = sourcecode.c.objc; path = OAPlaintextSignatureProvider.m; sourceTree = "<group>"; };
		79F7490B14DB8D0E00C7BAD8 /* OAProblem.h */ = {isa = PBXFileReference; fileEncoding = 4; lastKnownFileType = sourcecode.c.h; path = OAProblem.h; sourceTree = "<group>"; };
		79F7490C14DB8D0E00C7BAD8 /* OAProblem.m */ = {isa = PBXFileReference; fileEncoding = 4; lastKnownFileType = sourcecode.c.objc; path = OAProblem.m; sourceTree = "<group>"; };
		79F7490D14DB8D0E00C7BAD8 /* OARequestParameter.h */ = {isa = PBXFileReference; fileEncoding = 4; lastKnownFileType = sourcecode.c.h; path = OARequestParameter.h; sourceTree = "<group>"; };
		79F7490E14DB8D0F00C7BAD8 /* OARequestParameter.m */ = {isa = PBXFileReference; fileEncoding = 4; lastKnownFileType = sourcecode.c.objc; path = OARequestParameter.m; sourceTree = "<group>"; };
		79F7490F14DB8D0F00C7BAD8 /* OAServiceTicket.h */ = {isa = PBXFileReference; fileEncoding = 4; lastKnownFileType = sourcecode.c.h; path = OAServiceTicket.h; sourceTree = "<group>"; };
		79F7491014DB8D0F00C7BAD8 /* OAServiceTicket.m */ = {isa = PBXFileReference; fileEncoding = 4; lastKnownFileType = sourcecode.c.objc; path = OAServiceTicket.m; sourceTree = "<group>"; };
		79F7491114DB8D0F00C7BAD8 /* OASignatureProviding.h */ = {isa = PBXFileReference; fileEncoding = 4; lastKnownFileType = sourcecode.c.h; path = OASignatureProviding.h; sourceTree = "<group>"; };
		79F7491214DB8D0F00C7BAD8 /* OATestServer.rb */ = {isa = PBXFileReference; fileEncoding = 4; lastKnownFileType = text.script.ruby; path = OATestServer.rb; sourceTree = "<group>"; };
		79F7491314DB8D0F00C7BAD8 /* OAToken.h */ = {isa = PBXFileReference; fileEncoding = 4; lastKnownFileType = sourcecode.c.h; path = OAToken.h; sourceTree = "<group>"; };
		79F7491414DB8D0F00C7BAD8 /* OAToken.m */ = {isa = PBXFileReference; fileEncoding = 4; lastKnownFileType = sourcecode.c.objc; path = OAToken.m; sourceTree = "<group>"; };
		79F7491514DB8D0F00C7BAD8 /* OATokenManager.h */ = {isa = PBXFileReference; fileEncoding = 4; lastKnownFileType = sourcecode.c.h; path = OATokenManager.h; sourceTree = "<group>"; };
		79F7491614DB8D0F00C7BAD8 /* OATokenManager.m */ = {isa = PBXFileReference; fileEncoding = 4; lastKnownFileType = sourcecode.c.objc; path = OATokenManager.m; sourceTree = "<group>"; };
		79F7491714DB8D0F00C7BAD8 /* OAuthConsumer.h */ = {isa = PBXFileReference; fileEncoding = 4; lastKnownFileType = sourcecode.c.h; path = OAuthConsumer.h; sourceTree = "<group>"; };
		79F7492D14DB8F0700C7BAD8 /* APIKey.h */ = {isa = PBXFileReference; fileEncoding = 4; lastKnownFileType = sourcecode.c.h; path = APIKey.h; sourceTree = "<group>"; };
		79F7492E14DB916300C7BAD8 /* EvernoteAuthOAuthConsumer.h */ = {isa = PBXFileReference; fileEncoding = 4; lastKnownFileType = sourcecode.c.h; path = EvernoteAuthOAuthConsumer.h; sourceTree = "<group>"; };
		79F7492F14DB916400C7BAD8 /* EvernoteAuthOAuthConsumer.m */ = {isa = PBXFileReference; fileEncoding = 4; lastKnownFileType = sourcecode.c.objc; path = EvernoteAuthOAuthConsumer.m; sourceTree = "<group>"; };
		79F7493114DB917B00C7BAD8 /* EvernoteProtocol.h */ = {isa = PBXFileReference; fileEncoding = 4; lastKnownFileType = sourcecode.c.h; path = EvernoteProtocol.h; sourceTree = "<group>"; };
		79F7493614DBAA6500C7BAD8 /* EvernoteAuth.h */ = {isa = PBXFileReference; fileEncoding = 4; lastKnownFileType = sourcecode.c.h; path = EvernoteAuth.h; sourceTree = "<group>"; };
		79F7493714DBAA6600C7BAD8 /* EvernoteAuth.m */ = {isa = PBXFileReference; fileEncoding = 4; lastKnownFileType = sourcecode.c.objc; path = EvernoteAuth.m; sourceTree = "<group>"; };
/* End PBXFileReference section */

/* Begin PBXFrameworksBuildPhase section */
		79F7476714DA74A500C7BAD8 /* Frameworks */ = {
			isa = PBXFrameworksBuildPhase;
			buildActionMask = 2147483647;
			files = (
				7940B25314DCEA27004DC895 /* libicucore.dylib in Frameworks */,
				79F748B614DAB89800C7BAD8 /* Security.framework in Frameworks */,
				79F7476F14DA74A500C7BAD8 /* UIKit.framework in Frameworks */,
				79F7477114DA74A500C7BAD8 /* Foundation.framework in Frameworks */,
				79F7477314DA74A500C7BAD8 /* CoreGraphics.framework in Frameworks */,
			);
			runOnlyForDeploymentPostprocessing = 0;
		};
		79F7478114DA74A500C7BAD8 /* Frameworks */ = {
			isa = PBXFrameworksBuildPhase;
			buildActionMask = 2147483647;
			files = (
				79F7478714DA74A500C7BAD8 /* SenTestingKit.framework in Frameworks */,
				79F7478814DA74A500C7BAD8 /* UIKit.framework in Frameworks */,
				79F7478914DA74A500C7BAD8 /* Foundation.framework in Frameworks */,
			);
			runOnlyForDeploymentPostprocessing = 0;
		};
/* End PBXFrameworksBuildPhase section */

/* Begin PBXGroup section */
		793F900214DC15BA00F30885 /* PDKeychainBindingsController */ = {
			isa = PBXGroup;
			children = (
				793F900314DC15BA00F30885 /* PDKeychainBindings.h */,
				793F900414DC15BA00F30885 /* PDKeychainBindings.m */,
				793F900514DC15BA00F30885 /* PDKeychainBindingsController.h */,
				793F900614DC15BA00F30885 /* PDKeychainBindingsController.m */,
			);
			path = PDKeychainBindingsController;
			sourceTree = "<group>";
		};
		7940B21414DC3027004DC895 /* evernote */ = {
			isa = PBXGroup;
			children = (
				7940B21514DC3027004DC895 /* EDAMLimits.h */,
				7940B21614DC3027004DC895 /* EDAMLimits.m */,
				7940B21714DC3027004DC895 /* Errors.h */,
				7940B21814DC3027004DC895 /* Errors.m */,
				7940B21914DC3027004DC895 /* NoteStore.h */,
				7940B21A14DC3027004DC895 /* NoteStore.m */,
				7940B21B14DC3027004DC895 /* Types.h */,
				7940B21C14DC3027004DC895 /* Types.m */,
				7940B21D14DC3027004DC895 /* UserStore.h */,
				7940B21E14DC3027004DC895 /* UserStore.m */,
			);
			path = evernote;
			sourceTree = "<group>";
		};
		7940B22414DC3032004DC895 /* thrift */ = {
			isa = PBXGroup;
			children = (
				7940B22514DC3032004DC895 /* protocol */,
				7940B22E14DC3032004DC895 /* TApplicationException.h */,
				7940B22F14DC3032004DC895 /* TApplicationException.m */,
				7940B23014DC3032004DC895 /* TException.h */,
				7940B23114DC3032004DC895 /* TException.m */,
				7940B23214DC3032004DC895 /* TObjective-C.h */,
				7940B23314DC3032004DC895 /* TProcessor.h */,
				7940B23414DC3032004DC895 /* TProcessorFactory.h */,
				7940B23514DC3032004DC895 /* transport */,
				7940B23D14DC3032004DC895 /* TSharedProcessorFactory.h */,
				7940B23E14DC3032004DC895 /* TSharedProcessorFactory.m */,
			);
			path = thrift;
			sourceTree = "<group>";
		};
		7940B22514DC3032004DC895 /* protocol */ = {
			isa = PBXGroup;
			children = (
				7940B22614DC3032004DC895 /* TBinaryProtocol.h */,
				7940B22714DC3032004DC895 /* TBinaryProtocol.m */,
				7940B22814DC3032004DC895 /* TProtocol.h */,
				7940B22914DC3032004DC895 /* TProtocolException.h */,
				7940B22A14DC3032004DC895 /* TProtocolException.m */,
				7940B22B14DC3032004DC895 /* TProtocolFactory.h */,
				7940B22C14DC3032004DC895 /* TProtocolUtil.h */,
				7940B22D14DC3032004DC895 /* TProtocolUtil.m */,
			);
			path = protocol;
			sourceTree = "<group>";
		};
		7940B23514DC3032004DC895 /* transport */ = {
			isa = PBXGroup;
			children = (
				7940B23614DC3032004DC895 /* THTTPClient.h */,
				7940B23714DC3032004DC895 /* THTTPClient.m */,
				7940B23814DC3032004DC895 /* TMemoryBuffer.h */,
				7940B23914DC3032004DC895 /* TMemoryBuffer.m */,
				7940B23A14DC3032004DC895 /* TTransport.h */,
				7940B23B14DC3032004DC895 /* TTransportException.h */,
				7940B23C14DC3032004DC895 /* TTransportException.m */,
			);
			path = transport;
			sourceTree = "<group>";
		};
		7940B24C14DCE82C004DC895 /* RegexKitLite */ = {
			isa = PBXGroup;
			children = (
				7940B24E14DCE82C004DC895 /* RegexKitLite.h */,
				7940B24F14DCE82C004DC895 /* RegexKitLite.m */,
			);
			path = RegexKitLite;
			sourceTree = "<group>";
		};
		7940B25414DD0B29004DC895 /* DigestAddition */ = {
			isa = PBXGroup;
			children = (
				7940B25514DD0B29004DC895 /* NSData+Digest.h */,
				7940B25614DD0B29004DC895 /* NSData+Digest.m */,
				7940B25714DD0B29004DC895 /* UIImage+Digest.h */,
				7940B25814DD0B29004DC895 /* UIImage+Digest.m */,
			);
			path = DigestAddition;
			sourceTree = "<group>";
		};
		7940B25B14DD0D37004DC895 /* Resources */ = {
			isa = PBXGroup;
			children = (
				7940B25C14DD0D37004DC895 /* Images */,
			);
			path = Resources;
			sourceTree = "<group>";
		};
		7940B25C14DD0D37004DC895 /* Images */ = {
			isa = PBXGroup;
			children = (
				7940B25D14DD0D37004DC895 /* sample1.jpg */,
			);
			path = Images;
			sourceTree = "<group>";
		};
		79F7475F14DA74A500C7BAD8 = {
			isa = PBXGroup;
			children = (
				79F747A114DA766D00C7BAD8 /* Libraries */,
				79F7477414DA74A500C7BAD8 /* EVNConnect */,
				79F7478C14DA74A500C7BAD8 /* EVNConnectTests */,
				7940B25B14DD0D37004DC895 /* Resources */,
				79F7476D14DA74A500C7BAD8 /* Frameworks */,
				79F7476B14DA74A500C7BAD8 /* Products */,
			);
			sourceTree = "<group>";
		};
		79F7476B14DA74A500C7BAD8 /* Products */ = {
			isa = PBXGroup;
			children = (
				79F7476A14DA74A500C7BAD8 /* EVNConnect.app */,
				79F7478514DA74A500C7BAD8 /* EVNConnectTests.octest */,
			);
			name = Products;
			sourceTree = "<group>";
		};
		79F7476D14DA74A500C7BAD8 /* Frameworks */ = {
			isa = PBXGroup;
			children = (
				7940B25214DCEA27004DC895 /* libicucore.dylib */,
				79F7476E14DA74A500C7BAD8 /* UIKit.framework */,
				79F7477014DA74A500C7BAD8 /* Foundation.framework */,
				79F7477214DA74A500C7BAD8 /* CoreGraphics.framework */,
				79F748B514DAB89700C7BAD8 /* Security.framework */,
				79F7478614DA74A500C7BAD8 /* SenTestingKit.framework */,
			);
			name = Frameworks;
			sourceTree = "<group>";
		};
		79F7477414DA74A500C7BAD8 /* EVNConnect */ = {
			isa = PBXGroup;
			children = (
				79F748A714DAAD3400C7BAD8 /* EVNConnect */,
				79F7477514DA74A500C7BAD8 /* Supporting Files */,
				79F7477D14DA74A500C7BAD8 /* AppDelegate.h */,
				79F7477E14DA74A500C7BAD8 /* AppDelegate.m */,
				79F7484B14DAA01700C7BAD8 /* MainViewController.h */,
				79F7484C14DAA01700C7BAD8 /* MainViewController.m */,
				79F7492D14DB8F0700C7BAD8 /* APIKey.h */,
			);
			path = EVNConnect;
			sourceTree = "<group>";
		};
		79F7477514DA74A500C7BAD8 /* Supporting Files */ = {
			isa = PBXGroup;
			children = (
				79F7477614DA74A500C7BAD8 /* EVNConnect-Info.plist */,
				79F7477714DA74A500C7BAD8 /* InfoPlist.strings */,
				79F7477A14DA74A500C7BAD8 /* main.m */,
				79F7477C14DA74A500C7BAD8 /* EVNConnect-Prefix.pch */,
			);
			name = "Supporting Files";
			sourceTree = "<group>";
		};
		79F7478C14DA74A500C7BAD8 /* EVNConnectTests */ = {
			isa = PBXGroup;
			children = (
				79F7479214DA74A500C7BAD8 /* EVNConnectTests.h */,
				79F7479314DA74A500C7BAD8 /* EVNConnectTests.m */,
				79F7478D14DA74A500C7BAD8 /* Supporting Files */,
			);
			path = EVNConnectTests;
			sourceTree = "<group>";
		};
		79F7478D14DA74A500C7BAD8 /* Supporting Files */ = {
			isa = PBXGroup;
			children = (
				79F7478E14DA74A500C7BAD8 /* EVNConnectTests-Info.plist */,
				79F7478F14DA74A500C7BAD8 /* InfoPlist.strings */,
			);
			name = "Supporting Files";
			sourceTree = "<group>";
		};
		79F747A114DA766D00C7BAD8 /* Libraries */ = {
			isa = PBXGroup;
			children = (
				7940B25414DD0B29004DC895 /* DigestAddition */,
				7940B24C14DCE82C004DC895 /* RegexKitLite */,
				793F900214DC15BA00F30885 /* PDKeychainBindingsController */,
				79F748EE14DB8D0D00C7BAD8 /* oauthconsumer */,
				79F747A214DA766D00C7BAD8 /* Evernote */,
				79F7481D14DA7BFC00C7BAD8 /* SBJSON */,
			);
			path = Libraries;
			sourceTree = "<group>";
		};
		79F747A214DA766D00C7BAD8 /* Evernote */ = {
			isa = PBXGroup;
			children = (
				7940B22414DC3032004DC895 /* thrift */,
				7940B21414DC3027004DC895 /* evernote */,
			);
			path = Evernote;
			sourceTree = "<group>";
		};
		79F7481D14DA7BFC00C7BAD8 /* SBJSON */ = {
			isa = PBXGroup;
			children = (
				79F7481E14DA7BFC00C7BAD8 /* NSObject+SBJson.h */,
				79F7481F14DA7BFC00C7BAD8 /* NSObject+SBJson.m */,
				79F7482014DA7BFC00C7BAD8 /* SBJson.h */,
				79F7482114DA7BFC00C7BAD8 /* SBJsonParser.h */,
				79F7482214DA7BFC00C7BAD8 /* SBJsonParser.m */,
				79F7482314DA7BFC00C7BAD8 /* SBJsonStreamParser.h */,
				79F7482414DA7BFC00C7BAD8 /* SBJsonStreamParser.m */,
				79F7482514DA7BFC00C7BAD8 /* SBJsonStreamParserAccumulator.h */,
				79F7482614DA7BFC00C7BAD8 /* SBJsonStreamParserAccumulator.m */,
				79F7482714DA7BFC00C7BAD8 /* SBJsonStreamParserAdapter.h */,
				79F7482814DA7BFC00C7BAD8 /* SBJsonStreamParserAdapter.m */,
				79F7482914DA7BFC00C7BAD8 /* SBJsonStreamParserState.h */,
				79F7482A14DA7BFC00C7BAD8 /* SBJsonStreamParserState.m */,
				79F7482B14DA7BFC00C7BAD8 /* SBJsonStreamWriter.h */,
				79F7482C14DA7BFC00C7BAD8 /* SBJsonStreamWriter.m */,
				79F7482D14DA7BFC00C7BAD8 /* SBJsonStreamWriterAccumulator.h */,
				79F7482E14DA7BFC00C7BAD8 /* SBJsonStreamWriterAccumulator.m */,
				79F7482F14DA7BFC00C7BAD8 /* SBJsonStreamWriterState.h */,
				79F7483014DA7BFC00C7BAD8 /* SBJsonStreamWriterState.m */,
				79F7483114DA7BFC00C7BAD8 /* SBJsonTokeniser.h */,
				79F7483214DA7BFC00C7BAD8 /* SBJsonTokeniser.m */,
				79F7483314DA7BFC00C7BAD8 /* SBJsonUTF8Stream.h */,
				79F7483414DA7BFC00C7BAD8 /* SBJsonUTF8Stream.m */,
				79F7483514DA7BFC00C7BAD8 /* SBJsonWriter.h */,
				79F7483614DA7BFC00C7BAD8 /* SBJsonWriter.m */,
			);
			path = SBJSON;
			sourceTree = "<group>";
		};
		79F748A714DAAD3400C7BAD8 /* EVNConnect */ = {
			isa = PBXGroup;
			children = (
				79F748B014DAAD3500C7BAD8 /* EVNConnect.h */,
				79F7493114DB917B00C7BAD8 /* EvernoteProtocol.h */,
				79F748A814DAAD3500C7BAD8 /* Evernote.h */,
				79F748A914DAAD3500C7BAD8 /* Evernote.m */,
				79F748AE14DAAD3500C7BAD8 /* EvernoteRequest.h */,
				79F748AF14DAAD3500C7BAD8 /* EvernoteRequest.m */,
				79F7493614DBAA6500C7BAD8 /* EvernoteAuth.h */,
				79F7493714DBAA6600C7BAD8 /* EvernoteAuth.m */,
				79F7492E14DB916300C7BAD8 /* EvernoteAuthOAuthConsumer.h */,
				79F7492F14DB916400C7BAD8 /* EvernoteAuthOAuthConsumer.m */,
			);
			path = EVNConnect;
			sourceTree = "<group>";
		};
		79F748EE14DB8D0D00C7BAD8 /* oauthconsumer */ = {
			isa = PBXGroup;
			children = (
				79F748EF14DB8D0E00C7BAD8 /* Categories */,
				79F748F614DB8D0E00C7BAD8 /* Crypto */,
				79F748FD14DB8D0E00C7BAD8 /* OAAttachment.h */,
				79F748FE14DB8D0E00C7BAD8 /* OAAttachment.m */,
				79F748FF14DB8D0E00C7BAD8 /* OACall.h */,
				79F7490014DB8D0E00C7BAD8 /* OACall.m */,
				79F7490114DB8D0E00C7BAD8 /* OAConsumer.h */,
				79F7490214DB8D0E00C7BAD8 /* OAConsumer.m */,
				79F7490314DB8D0E00C7BAD8 /* OADataFetcher.h */,
				79F7490414DB8D0E00C7BAD8 /* OADataFetcher.m */,
				79F7490514DB8D0E00C7BAD8 /* OAHMAC_SHA1SignatureProvider.h */,
				79F7490614DB8D0E00C7BAD8 /* OAHMAC_SHA1SignatureProvider.m */,
				79F7490714DB8D0E00C7BAD8 /* OAMutableURLRequest.h */,
				79F7490814DB8D0E00C7BAD8 /* OAMutableURLRequest.m */,
				79F7490914DB8D0E00C7BAD8 /* OAPlaintextSignatureProvider.h */,
				79F7490A14DB8D0E00C7BAD8 /* OAPlaintextSignatureProvider.m */,
				79F7490B14DB8D0E00C7BAD8 /* OAProblem.h */,
				79F7490C14DB8D0E00C7BAD8 /* OAProblem.m */,
				79F7490D14DB8D0E00C7BAD8 /* OARequestParameter.h */,
				79F7490E14DB8D0F00C7BAD8 /* OARequestParameter.m */,
				79F7490F14DB8D0F00C7BAD8 /* OAServiceTicket.h */,
				79F7491014DB8D0F00C7BAD8 /* OAServiceTicket.m */,
				79F7491114DB8D0F00C7BAD8 /* OASignatureProviding.h */,
				79F7491214DB8D0F00C7BAD8 /* OATestServer.rb */,
				79F7491314DB8D0F00C7BAD8 /* OAToken.h */,
				79F7491414DB8D0F00C7BAD8 /* OAToken.m */,
				79F7491514DB8D0F00C7BAD8 /* OATokenManager.h */,
				79F7491614DB8D0F00C7BAD8 /* OATokenManager.m */,
				79F7491714DB8D0F00C7BAD8 /* OAuthConsumer.h */,
			);
			path = oauthconsumer;
			sourceTree = "<group>";
		};
		79F748EF14DB8D0E00C7BAD8 /* Categories */ = {
			isa = PBXGroup;
			children = (
				79F748F014DB8D0E00C7BAD8 /* NSMutableURLRequest+Parameters.h */,
				79F748F114DB8D0E00C7BAD8 /* NSMutableURLRequest+Parameters.m */,
				79F748F214DB8D0E00C7BAD8 /* NSString+URLEncoding.h */,
				79F748F314DB8D0E00C7BAD8 /* NSString+URLEncoding.m */,
				79F748F414DB8D0E00C7BAD8 /* NSURL+Base.h */,
				79F748F514DB8D0E00C7BAD8 /* NSURL+Base.m */,
			);
			path = Categories;
			sourceTree = "<group>";
		};
		79F748F614DB8D0E00C7BAD8 /* Crypto */ = {
			isa = PBXGroup;
			children = (
				79F748F714DB8D0E00C7BAD8 /* Base64Transcoder.c */,
				79F748F814DB8D0E00C7BAD8 /* Base64Transcoder.h */,
				79F748F914DB8D0E00C7BAD8 /* hmac.c */,
				79F748FA14DB8D0E00C7BAD8 /* hmac.h */,
				79F748FB14DB8D0E00C7BAD8 /* sha1.c */,
				79F748FC14DB8D0E00C7BAD8 /* sha1.h */,
			);
			path = Crypto;
			sourceTree = "<group>";
		};
/* End PBXGroup section */

/* Begin PBXNativeTarget section */
		79F7476914DA74A500C7BAD8 /* EVNConnect */ = {
			isa = PBXNativeTarget;
			buildConfigurationList = 79F7479714DA74A500C7BAD8 /* Build configuration list for PBXNativeTarget "EVNConnect" */;
			buildPhases = (
				79F7476614DA74A500C7BAD8 /* Sources */,
				79F7476714DA74A500C7BAD8 /* Frameworks */,
				79F7476814DA74A500C7BAD8 /* Resources */,
			);
			buildRules = (
			);
			dependencies = (
			);
			name = EVNConnect;
			productName = EVNConnect;
			productReference = 79F7476A14DA74A500C7BAD8 /* EVNConnect.app */;
			productType = "com.apple.product-type.application";
		};
		79F7478414DA74A500C7BAD8 /* EVNConnectTests */ = {
			isa = PBXNativeTarget;
			buildConfigurationList = 79F7479A14DA74A500C7BAD8 /* Build configuration list for PBXNativeTarget "EVNConnectTests" */;
			buildPhases = (
				79F7478014DA74A500C7BAD8 /* Sources */,
				79F7478114DA74A500C7BAD8 /* Frameworks */,
				79F7478214DA74A500C7BAD8 /* Resources */,
				79F7478314DA74A500C7BAD8 /* ShellScript */,
			);
			buildRules = (
			);
			dependencies = (
				79F7478B14DA74A500C7BAD8 /* PBXTargetDependency */,
			);
			name = EVNConnectTests;
			productName = EVNConnectTests;
			productReference = 79F7478514DA74A500C7BAD8 /* EVNConnectTests.octest */;
			productType = "com.apple.product-type.bundle";
		};
/* End PBXNativeTarget section */

/* Begin PBXProject section */
		79F7476114DA74A500C7BAD8 /* Project object */ = {
			isa = PBXProject;
			attributes = {
				LastUpgradeCheck = 0420;
			};
			buildConfigurationList = 79F7476414DA74A500C7BAD8 /* Build configuration list for PBXProject "EVNConnect" */;
			compatibilityVersion = "Xcode 3.2";
			developmentRegion = English;
			hasScannedForEncodings = 0;
			knownRegions = (
				en,
			);
			mainGroup = 79F7475F14DA74A500C7BAD8;
			productRefGroup = 79F7476B14DA74A500C7BAD8 /* Products */;
			projectDirPath = "";
			projectRoot = "";
			targets = (
				79F7476914DA74A500C7BAD8 /* EVNConnect */,
				79F7478414DA74A500C7BAD8 /* EVNConnectTests */,
			);
		};
/* End PBXProject section */

/* Begin PBXResourcesBuildPhase section */
		79F7476814DA74A500C7BAD8 /* Resources */ = {
			isa = PBXResourcesBuildPhase;
			buildActionMask = 2147483647;
			files = (
				79F7477914DA74A500C7BAD8 /* InfoPlist.strings in Resources */,
				79F7492914DB8D0F00C7BAD8 /* OATestServer.rb in Resources */,
				7940B25E14DD0D37004DC895 /* sample1.jpg in Resources */,
			);
			runOnlyForDeploymentPostprocessing = 0;
		};
		79F7478214DA74A500C7BAD8 /* Resources */ = {
			isa = PBXResourcesBuildPhase;
			buildActionMask = 2147483647;
			files = (
				79F7479114DA74A500C7BAD8 /* InfoPlist.strings in Resources */,
			);
			runOnlyForDeploymentPostprocessing = 0;
		};
/* End PBXResourcesBuildPhase section */

/* Begin PBXShellScriptBuildPhase section */
		79F7478314DA74A500C7BAD8 /* ShellScript */ = {
			isa = PBXShellScriptBuildPhase;
			buildActionMask = 2147483647;
			files = (
			);
			inputPaths = (
			);
			outputPaths = (
			);
			runOnlyForDeploymentPostprocessing = 0;
			shellPath = /bin/sh;
			shellScript = "# Run the unit tests in this test bundle.\n\"${SYSTEM_DEVELOPER_DIR}/Tools/RunUnitTests\"\n";
		};
/* End PBXShellScriptBuildPhase section */

/* Begin PBXSourcesBuildPhase section */
		79F7476614DA74A500C7BAD8 /* Sources */ = {
			isa = PBXSourcesBuildPhase;
			buildActionMask = 2147483647;
			files = (
				79F7477B14DA74A500C7BAD8 /* main.m in Sources */,
				79F7477F14DA74A500C7BAD8 /* AppDelegate.m in Sources */,
				79F7483714DA7BFC00C7BAD8 /* NSObject+SBJson.m in Sources */,
				79F7483814DA7BFC00C7BAD8 /* SBJsonParser.m in Sources */,
				79F7483914DA7BFC00C7BAD8 /* SBJsonStreamParser.m in Sources */,
				79F7483A14DA7BFC00C7BAD8 /* SBJsonStreamParserAccumulator.m in Sources */,
				79F7483B14DA7BFC00C7BAD8 /* SBJsonStreamParserAdapter.m in Sources */,
				79F7483C14DA7BFC00C7BAD8 /* SBJsonStreamParserState.m in Sources */,
				79F7483D14DA7BFC00C7BAD8 /* SBJsonStreamWriter.m in Sources */,
				79F7483E14DA7BFC00C7BAD8 /* SBJsonStreamWriterAccumulator.m in Sources */,
				79F7483F14DA7BFC00C7BAD8 /* SBJsonStreamWriterState.m in Sources */,
				79F7484014DA7BFC00C7BAD8 /* SBJsonTokeniser.m in Sources */,
				79F7484114DA7BFC00C7BAD8 /* SBJsonUTF8Stream.m in Sources */,
				79F7484214DA7BFC00C7BAD8 /* SBJsonWriter.m in Sources */,
				79F7484E14DAA01700C7BAD8 /* MainViewController.m in Sources */,
				79F748B114DAAD3500C7BAD8 /* Evernote.m in Sources */,
				79F748B414DAAD3500C7BAD8 /* EvernoteRequest.m in Sources */,
				79F7491914DB8D0F00C7BAD8 /* NSMutableURLRequest+Parameters.m in Sources */,
				79F7491A14DB8D0F00C7BAD8 /* NSString+URLEncoding.m in Sources */,
				79F7491B14DB8D0F00C7BAD8 /* NSURL+Base.m in Sources */,
				79F7491C14DB8D0F00C7BAD8 /* Base64Transcoder.c in Sources */,
				79F7491D14DB8D0F00C7BAD8 /* hmac.c in Sources */,
				79F7491E14DB8D0F00C7BAD8 /* sha1.c in Sources */,
				79F7491F14DB8D0F00C7BAD8 /* OAAttachment.m in Sources */,
				79F7492014DB8D0F00C7BAD8 /* OACall.m in Sources */,
				79F7492114DB8D0F00C7BAD8 /* OAConsumer.m in Sources */,
				79F7492214DB8D0F00C7BAD8 /* OADataFetcher.m in Sources */,
				79F7492314DB8D0F00C7BAD8 /* OAHMAC_SHA1SignatureProvider.m in Sources */,
				79F7492414DB8D0F00C7BAD8 /* OAMutableURLRequest.m in Sources */,
				79F7492514DB8D0F00C7BAD8 /* OAPlaintextSignatureProvider.m in Sources */,
				79F7492614DB8D0F00C7BAD8 /* OAProblem.m in Sources */,
				79F7492714DB8D0F00C7BAD8 /* OARequestParameter.m in Sources */,
				79F7492814DB8D0F00C7BAD8 /* OAServiceTicket.m in Sources */,
				79F7492A14DB8D0F00C7BAD8 /* OAToken.m in Sources */,
				79F7492B14DB8D0F00C7BAD8 /* OATokenManager.m in Sources */,
				79F7493014DB916500C7BAD8 /* EvernoteAuthOAuthConsumer.m in Sources */,
				79F7493814DBAA6800C7BAD8 /* EvernoteAuth.m in Sources */,
				793F900714DC15BA00F30885 /* PDKeychainBindings.m in Sources */,
				793F900814DC15BA00F30885 /* PDKeychainBindingsController.m in Sources */,
				7940B21F14DC3027004DC895 /* EDAMLimits.m in Sources */,
				7940B22014DC3027004DC895 /* Errors.m in Sources */,
				7940B22114DC3027004DC895 /* NoteStore.m in Sources */,
				7940B22214DC3027004DC895 /* Types.m in Sources */,
				7940B22314DC3027004DC895 /* UserStore.m in Sources */,
				7940B23F14DC3032004DC895 /* TBinaryProtocol.m in Sources */,
				7940B24014DC3032004DC895 /* TProtocolException.m in Sources */,
				7940B24114DC3032004DC895 /* TProtocolUtil.m in Sources */,
				7940B24214DC3032004DC895 /* TApplicationException.m in Sources */,
				7940B24314DC3032004DC895 /* TException.m in Sources */,
				7940B24414DC3032004DC895 /* THTTPClient.m in Sources */,
				7940B24514DC3032004DC895 /* TMemoryBuffer.m in Sources */,
				7940B24614DC3032004DC895 /* TTransportException.m in Sources */,
				7940B24714DC3032004DC895 /* TSharedProcessorFactory.m in Sources */,
				7940B25114DCE82C004DC895 /* RegexKitLite.m in Sources */,
				7940B25914DD0B29004DC895 /* NSData+Digest.m in Sources */,
				7940B25A14DD0B29004DC895 /* UIImage+Digest.m in Sources */,
			);
			runOnlyForDeploymentPostprocessing = 0;
		};
		79F7478014DA74A500C7BAD8 /* Sources */ = {
			isa = PBXSourcesBuildPhase;
			buildActionMask = 2147483647;
			files = (
				79F7479414DA74A500C7BAD8 /* EVNConnectTests.m in Sources */,
			);
			runOnlyForDeploymentPostprocessing = 0;
		};
/* End PBXSourcesBuildPhase section */

/* Begin PBXTargetDependency section */
		79F7478B14DA74A500C7BAD8 /* PBXTargetDependency */ = {
			isa = PBXTargetDependency;
			target = 79F7476914DA74A500C7BAD8 /* EVNConnect */;
			targetProxy = 79F7478A14DA74A500C7BAD8 /* PBXContainerItemProxy */;
		};
/* End PBXTargetDependency section */

/* Begin PBXVariantGroup section */
		79F7477714DA74A500C7BAD8 /* InfoPlist.strings */ = {
			isa = PBXVariantGroup;
			children = (
				79F7477814DA74A500C7BAD8 /* en */,
			);
			name = InfoPlist.strings;
			sourceTree = "<group>";
		};
		79F7478F14DA74A500C7BAD8 /* InfoPlist.strings */ = {
			isa = PBXVariantGroup;
			children = (
				79F7479014DA74A500C7BAD8 /* en */,
			);
			name = InfoPlist.strings;
			sourceTree = "<group>";
		};
/* End PBXVariantGroup section */

/* Begin XCBuildConfiguration section */
		79F7479514DA74A500C7BAD8 /* Debug */ = {
			isa = XCBuildConfiguration;
			buildSettings = {
				ALWAYS_SEARCH_USER_PATHS = NO;
				ARCHS = "$(ARCHS_STANDARD_32_BIT)";
				CLANG_ENABLE_OBJC_ARC = YES;
				"CODE_SIGN_IDENTITY[sdk=iphoneos*]" = "iPhone Developer";
				COPY_PHASE_STRIP = NO;
				GCC_C_LANGUAGE_STANDARD = gnu99;
				GCC_DYNAMIC_NO_PIC = NO;
				GCC_OPTIMIZATION_LEVEL = 0;
				GCC_PREPROCESSOR_DEFINITIONS = (
					"DEBUG=1",
					"$(inherited)",
				);
				GCC_SYMBOLS_PRIVATE_EXTERN = NO;
				GCC_VERSION = com.apple.compilers.llvm.clang.1_0;
				GCC_WARN_ABOUT_MISSING_PROTOTYPES = YES;
				GCC_WARN_ABOUT_RETURN_TYPE = YES;
				GCC_WARN_UNUSED_VARIABLE = YES;
				IPHONEOS_DEPLOYMENT_TARGET = 5.0;
				SDKROOT = iphoneos;
				TARGETED_DEVICE_FAMILY = "1,2";
			};
			name = Debug;
		};
		79F7479614DA74A500C7BAD8 /* Release */ = {
			isa = XCBuildConfiguration;
			buildSettings = {
				ALWAYS_SEARCH_USER_PATHS = NO;
				ARCHS = "$(ARCHS_STANDARD_32_BIT)";
				CLANG_ENABLE_OBJC_ARC = YES;
				"CODE_SIGN_IDENTITY[sdk=iphoneos*]" = "iPhone Developer";
				COPY_PHASE_STRIP = YES;
				GCC_C_LANGUAGE_STANDARD = gnu99;
				GCC_VERSION = com.apple.compilers.llvm.clang.1_0;
				GCC_WARN_ABOUT_MISSING_PROTOTYPES = YES;
				GCC_WARN_ABOUT_RETURN_TYPE = YES;
				GCC_WARN_UNUSED_VARIABLE = YES;
				IPHONEOS_DEPLOYMENT_TARGET = 5.0;
				OTHER_CFLAGS = "-DNS_BLOCK_ASSERTIONS=1";
				SDKROOT = iphoneos;
				TARGETED_DEVICE_FAMILY = "1,2";
				VALIDATE_PRODUCT = YES;
			};
			name = Release;
		};
		79F7479814DA74A500C7BAD8 /* Debug */ = {
			isa = XCBuildConfiguration;
			buildSettings = {
				GCC_PRECOMPILE_PREFIX_HEADER = YES;
				GCC_PREFIX_HEADER = "EVNConnect/EVNConnect-Prefix.pch";
				HEADER_SEARCH_PATHS = "Libraries/Evernote/thrift/**";
				INFOPLIST_FILE = "EVNConnect/EVNConnect-Info.plist";
				PRODUCT_NAME = "$(TARGET_NAME)";
				TARGETED_DEVICE_FAMILY = 1;
				USER_HEADER_SEARCH_PATHS = "";
				WRAPPER_EXTENSION = app;
			};
			name = Debug;
		};
		79F7479914DA74A500C7BAD8 /* Release */ = {
			isa = XCBuildConfiguration;
			buildSettings = {
				GCC_PRECOMPILE_PREFIX_HEADER = YES;
				GCC_PREFIX_HEADER = "EVNConnect/EVNConnect-Prefix.pch";
				HEADER_SEARCH_PATHS = "Libraries/Evernote/thrift/**";
				INFOPLIST_FILE = "EVNConnect/EVNConnect-Info.plist";
				PRODUCT_NAME = "$(TARGET_NAME)";
				TARGETED_DEVICE_FAMILY = 1;
				USER_HEADER_SEARCH_PATHS = "";
				WRAPPER_EXTENSION = app;
			};
			name = Release;
		};
		79F7479B14DA74A500C7BAD8 /* Debug */ = {
			isa = XCBuildConfiguration;
			buildSettings = {
				BUNDLE_LOADER = "$(BUILT_PRODUCTS_DIR)/EVNConnect.app/EVNConnect";
				FRAMEWORK_SEARCH_PATHS = (
					"$(SDKROOT)/Developer/Library/Frameworks",
					"$(DEVELOPER_LIBRARY_DIR)/Frameworks",
				);
				GCC_PRECOMPILE_PREFIX_HEADER = YES;
				GCC_PREFIX_HEADER = "EVNConnect/EVNConnect-Prefix.pch";
				INFOPLIST_FILE = "EVNConnectTests/EVNConnectTests-Info.plist";
				PRODUCT_NAME = "$(TARGET_NAME)";
				TEST_HOST = "$(BUNDLE_LOADER)";
				WRAPPER_EXTENSION = octest;
			};
			name = Debug;
		};
		79F7479C14DA74A500C7BAD8 /* Release */ = {
			isa = XCBuildConfiguration;
			buildSettings = {
				BUNDLE_LOADER = "$(BUILT_PRODUCTS_DIR)/EVNConnect.app/EVNConnect";
				FRAMEWORK_SEARCH_PATHS = (
					"$(SDKROOT)/Developer/Library/Frameworks",
					"$(DEVELOPER_LIBRARY_DIR)/Frameworks",
				);
				GCC_PRECOMPILE_PREFIX_HEADER = YES;
				GCC_PREFIX_HEADER = "EVNConnect/EVNConnect-Prefix.pch";
				INFOPLIST_FILE = "EVNConnectTests/EVNConnectTests-Info.plist";
				PRODUCT_NAME = "$(TARGET_NAME)";
				TEST_HOST = "$(BUNDLE_LOADER)";
				WRAPPER_EXTENSION = octest;
			};
			name = Release;
		};
/* End XCBuildConfiguration section */

/* Begin XCConfigurationList section */
		79F7476414DA74A500C7BAD8 /* Build configuration list for PBXProject "EVNConnect" */ = {
			isa = XCConfigurationList;
			buildConfigurations = (
				79F7479514DA74A500C7BAD8 /* Debug */,
				79F7479614DA74A500C7BAD8 /* Release */,
			);
			defaultConfigurationIsVisible = 0;
			defaultConfigurationName = Release;
		};
		79F7479714DA74A500C7BAD8 /* Build configuration list for PBXNativeTarget "EVNConnect" */ = {
			isa = XCConfigurationList;
			buildConfigurations = (
				79F7479814DA74A500C7BAD8 /* Debug */,
				79F7479914DA74A500C7BAD8 /* Release */,
			);
			defaultConfigurationIsVisible = 0;
			defaultConfigurationName = Release;
		};
		79F7479A14DA74A500C7BAD8 /* Build configuration list for PBXNativeTarget "EVNConnectTests" */ = {
			isa = XCConfigurationList;
			buildConfigurations = (
				79F7479B14DA74A500C7BAD8 /* Debug */,
				79F7479C14DA74A500C7BAD8 /* Release */,
			);
			defaultConfigurationIsVisible = 0;
			defaultConfigurationName = Release;
		};
/* End XCConfigurationList section */
	};
	rootObject = 79F7476114DA74A500C7BAD8 /* Project object */;
}
